
Microsoft Visual Studio Solution File, Format Version 12.00
# Visual Studio Version 16
VisualStudioVersion = 16.0.29009.5
MinimumVisualStudioVersion = 10.0.40219.1
Project("{9A19103F-16F7-4668-BE54-9A1E7A4F7556}") = "SignalR.Server", "ASP.NET.Core.SignalR\SignalR.Server.csproj", "{A576D31D-B640-460B-9960-006128E0C219}"
EndProject
Project("{9A19103F-16F7-4668-BE54-9A1E7A4F7556}") = "SignalR.Client", "ASP.NET.Core.SignalR.Client\SignalR.Client.csproj", "{9644DC80-50F8-4537-B5C4-4B25133AC9AB}"
EndProject
Global
	GlobalSection(SolutionConfigurationPlatforms) = preSolution
		Debug|Any CPU = Debug|Any CPU
		Release|Any CPU = Release|Any CPU
	EndGlobalSection
	GlobalSection(ProjectConfigurationPlatforms) = postSolution
		{A576D31D-B640-460B-9960-006128E0C219}.Debug|Any CPU.ActiveCfg = Debug|Any CPU
		{A576D31D-B640-460B-9960-006128E0C219}.Debug|Any CPU.Build.0 = Debug|Any CPU
		{A576D31D-B640-460B-9960-006128E0C219}.Release|Any CPU.ActiveCfg = Release|Any CPU
		{A576D31D-B640-460B-9960-006128E0C219}.Release|Any CPU.Build.0 = Release|Any CPU
		{9644DC80-50F8-4537-B5C4-4B25133AC9AB}.Debug|Any CPU.ActiveCfg = Debug|Any CPU
		{9644DC80-50F8-4537-B5C4-4B25133AC9AB}.Debug|Any CPU.Build.0 = Debug|Any CPU
		{9644DC80-50F8-4537-B5C4-4B25133AC9AB}.Release|Any CPU.ActiveCfg = Release|Any CPU
		{9644DC80-50F8-4537-B5C4-4B25133AC9AB}.Release|Any CPU.Build.0 = Release|Any CPU
	EndGlobalSection
	GlobalSection(SolutionProperties) = preSolution
		HideSolutionNode = FALSE
	EndGlobalSection
	GlobalSection(ExtensibilityGlobals) = postSolution
		SolutionGuid = {44429C48-926D-4C37-B83F-89DDCA95306B}
	EndGlobalSection
EndGlobal
